{
  "name": "webapp",
  "version": "0.0.0",
  "lockfileVersion": 2,
  "requires": true,
  "packages": {
    "": {
      "version": "0.0.0",
      "dependencies": {
        "simpler-fetch": "file:../.."
      }
    },
    "../..": {
      "version": "1.0.0",
      "license": "MIT",
      "devDependencies": {
        "uglify-js": "^3.14.2"
      }
    },
    "node_modules/simpler-fetch": {
      "resolved": "../..",
      "link": true
    }
  },
  "dependencies": {
    "simpler-fetch": {
      "version": "file:../..",
      "requires": {
        "uglify-js": "^3.14.2"
      }
    }
  }
}
